// !$*UTF8*$!
{
	archiveVersion = 1;
	classes = {
	};
	objectVersion = 50;
	objects = {

/* Begin PBXBuildFile section */
		4ED12F4CFFC30B7ED4B8C4EC /* Pods_StartUpRatingUITests.framework in Frameworks */ = {isa = PBXBuildFile; fileRef = 861654F1B0FE3C74E7CD5673 /* Pods_StartUpRatingUITests.framework */; };
		5289212A766F4BABBA610639 /* Pods_StartUpRatingTests.framework in Frameworks */ = {isa = PBXBuildFile; fileRef = BB32EAAB087449B2F940B5E4 /* Pods_StartUpRatingTests.framework */; };
		6E0019FD21A377D700AA9D81 /* AppDelegate.swift in Sources */ = {isa = PBXBuildFile; fileRef = 6E0019FC21A377D700AA9D81 /* AppDelegate.swift */; };
		6E001A0221A377D700AA9D81 /* Main.storyboard in Resources */ = {isa = PBXBuildFile; fileRef = 6E001A0021A377D700AA9D81 /* Main.storyboard */; };
		6E001A0421A377DF00AA9D81 /* Assets.xcassets in Resources */ = {isa = PBXBuildFile; fileRef = 6E001A0321A377DF00AA9D81 /* Assets.xcassets */; };
		6E001A0721A377DF00AA9D81 /* LaunchScreen.storyboard in Resources */ = {isa = PBXBuildFile; fileRef = 6E001A0521A377DF00AA9D81 /* LaunchScreen.storyboard */; };
		6E001A1221A377DF00AA9D81 /* StartUpRatingTests.swift in Sources */ = {isa = PBXBuildFile; fileRef = 6E001A1121A377DF00AA9D81 /* StartUpRatingTests.swift */; };
		6E001A1D21A377DF00AA9D81 /* StartUpRatingUITests.swift in Sources */ = {isa = PBXBuildFile; fileRef = 6E001A1C21A377DF00AA9D81 /* StartUpRatingUITests.swift */; };
		6E001A2C21A58F2E00AA9D81 /* schema.json in Resources */ = {isa = PBXBuildFile; fileRef = 6E001A2B21A58F2E00AA9D81 /* schema.json */; };
		6E001A2E21A58F6100AA9D81 /* ApolloManager.swift in Sources */ = {isa = PBXBuildFile; fileRef = 6E001A2D21A58F6100AA9D81 /* ApolloManager.swift */; };
		6E001A3321A5903500AA9D81 /* GetAllSegments.graphql in Resources */ = {isa = PBXBuildFile; fileRef = 6E001A3221A5903500AA9D81 /* GetAllSegments.graphql */; };
		6E001A3621A5936800AA9D81 /* API.swift in Sources */ = {isa = PBXBuildFile; fileRef = 6E001A3521A5936800AA9D81 /* API.swift */; };
		6EBC912A21A5F4F100B9853D /* StartUpsListViewController.swift in Sources */ = {isa = PBXBuildFile; fileRef = 6EBC912821A5F4F100B9853D /* StartUpsListViewController.swift */; };
		6EBC912D21A5F62E00B9853D /* StartUpsListViewController.graphql in Resources */ = {isa = PBXBuildFile; fileRef = 6EBC912C21A5F62E00B9853D /* StartUpsListViewController.graphql */; };
		6EBC913021A6089C00B9853D /* StartUpsListPresenter.swift in Sources */ = {isa = PBXBuildFile; fileRef = 6EBC912F21A6089C00B9853D /* StartUpsListPresenter.swift */; };
		6EBC913221A6411600B9853D /* StartUpModel.swift in Sources */ = {isa = PBXBuildFile; fileRef = 6EBC913121A6411600B9853D /* StartUpModel.swift */; };
		6EBC913521A641BE00B9853D /* URLConstants.swift in Sources */ = {isa = PBXBuildFile; fileRef = 6EBC913421A641BE00B9853D /* URLConstants.swift */; };
		6EBC913921A65B3D00B9853D /* StartupTableViewCell.swift in Sources */ = {isa = PBXBuildFile; fileRef = 6EBC913721A65B3D00B9853D /* StartupTableViewCell.swift */; };
		6EBC913A21A65B3D00B9853D /* StartupTableViewCell.xib in Resources */ = {isa = PBXBuildFile; fileRef = 6EBC913821A65B3D00B9853D /* StartupTableViewCell.xib */; };
		6EBC913E21A6E34A00B9853D /* Reusable.swift in Sources */ = {isa = PBXBuildFile; fileRef = 6EBC913D21A6E34A00B9853D /* Reusable.swift */; };
		6EBC914021A6E36800B9853D /* NibLoadableView.swift in Sources */ = {isa = PBXBuildFile; fileRef = 6EBC913F21A6E36800B9853D /* NibLoadableView.swift */; };
		6EBC914321A6E3B900B9853D /* UITableView+custom.swift in Sources */ = {isa = PBXBuildFile; fileRef = 6EBC914221A6E3B900B9853D /* UITableView+custom.swift */; };
		6EBC914521A6F59C00B9853D /* StartUpsListConfigurator.swift in Sources */ = {isa = PBXBuildFile; fileRef = 6EBC914421A6F59C00B9853D /* StartUpsListConfigurator.swift */; };
		6EBC914721A701DB00B9853D /* UIView+custom.swift in Sources */ = {isa = PBXBuildFile; fileRef = 6EBC914621A701DB00B9853D /* UIView+custom.swift */; };
		6EBC914921A73C9600B9853D /* StartupDetailsViewController.swift in Sources */ = {isa = PBXBuildFile; fileRef = 6EBC914821A73C9600B9853D /* StartupDetailsViewController.swift */; };
		6EBC914B21A73F7400B9853D /* StartupDetailsPresenter.swift in Sources */ = {isa = PBXBuildFile; fileRef = 6EBC914A21A73F7400B9853D /* StartupDetailsPresenter.swift */; };
		6EBC914D21A7425900B9853D /* ImageUtils.swift in Sources */ = {isa = PBXBuildFile; fileRef = 6EBC914C21A7425900B9853D /* ImageUtils.swift */; };
		6EBC914F21A742C600B9853D /* StartupDetailsConfigurator.swift in Sources */ = {isa = PBXBuildFile; fileRef = 6EBC914E21A742C500B9853D /* StartupDetailsConfigurator.swift */; };
		6EBC915121A7471C00B9853D /* StartUpsListRouter.swift in Sources */ = {isa = PBXBuildFile; fileRef = 6EBC915021A7471C00B9853D /* StartUpsListRouter.swift */; };
		6EF9277F21A7497A006211CB /* ViewRouter.swift in Sources */ = {isa = PBXBuildFile; fileRef = 6EF9277E21A7497A006211CB /* ViewRouter.swift */; };
		6EF9278121A78A06006211CB /* GoogleService-Info.plist in Resources */ = {isa = PBXBuildFile; fileRef = 6EF9278021A78A05006211CB /* GoogleService-Info.plist */; };
		6EF9278421A79EA5006211CB /* RatingManager.swift in Sources */ = {isa = PBXBuildFile; fileRef = 6EF9278321A79EA5006211CB /* RatingManager.swift */; };
		6EF9278621A8A625006211CB /* StartupRatingModel.swift in Sources */ = {isa = PBXBuildFile; fileRef = 6EF9278521A8A625006211CB /* StartupRatingModel.swift */; };
		6EF9278821A8FEF8006211CB /* RankingViewController.swift in Sources */ = {isa = PBXBuildFile; fileRef = 6EF9278721A8FEF5006211CB /* RankingViewController.swift */; };
		6EF9278A21A8FF4F006211CB /* RankingPresenter.swift in Sources */ = {isa = PBXBuildFile; fileRef = 6EF9278921A8FF4F006211CB /* RankingPresenter.swift */; };
		6EF9278C21A8FF6B006211CB /* RankingConfigurator.swift in Sources */ = {isa = PBXBuildFile; fileRef = 6EF9278B21A8FF6B006211CB /* RankingConfigurator.swift */; };
		6EF9278E21AA3D03006211CB /* RankingRouter.swift in Sources */ = {isa = PBXBuildFile; fileRef = 6EF9278D21AA3D03006211CB /* RankingRouter.swift */; };
		6EF9279021AA5C0B006211CB /* FirestorePaths.swift in Sources */ = {isa = PBXBuildFile; fileRef = 6EF9278F21AA5C0B006211CB /* FirestorePaths.swift */; };
		6EF9279221AACDA8006211CB /* Criteria.swift in Sources */ = {isa = PBXBuildFile; fileRef = 6EF9279121AACDA8006211CB /* Criteria.swift */; };
		6EF9279521AAD752006211CB /* RankingTableViewCell.swift in Sources */ = {isa = PBXBuildFile; fileRef = 6EF9279321AAD752006211CB /* RankingTableViewCell.swift */; };
		6EF9279621AAD752006211CB /* RankingTableViewCell.xib in Resources */ = {isa = PBXBuildFile; fileRef = 6EF9279421AAD752006211CB /* RankingTableViewCell.xib */; };
		6EF9279921AAD805006211CB /* RankingHeaderView.swift in Sources */ = {isa = PBXBuildFile; fileRef = 6EF9279821AAD805006211CB /* RankingHeaderView.swift */; };
		6EF9279B21AB1C45006211CB /* RankingHeaderView.xib in Resources */ = {isa = PBXBuildFile; fileRef = 6EF9279A21AB1C45006211CB /* RankingHeaderView.xib */; };
		87943D429836CC63632371B5 /* Pods_StartUpRating.framework in Frameworks */ = {isa = PBXBuildFile; fileRef = EEE446948DDDC2FBC77DFFFC /* Pods_StartUpRating.framework */; };
/* End PBXBuildFile section */

/* Begin PBXContainerItemProxy section */
		6E001A0E21A377DF00AA9D81 /* PBXContainerItemProxy */ = {
			isa = PBXContainerItemProxy;
			containerPortal = 6E0019F121A377D600AA9D81 /* Project object */;
			proxyType = 1;
			remoteGlobalIDString = 6E0019F821A377D700AA9D81;
			remoteInfo = StartUpRating;
		};
		6E001A1921A377DF00AA9D81 /* PBXContainerItemProxy */ = {
			isa = PBXContainerItemProxy;
			containerPortal = 6E0019F121A377D600AA9D81 /* Project object */;
			proxyType = 1;
			remoteGlobalIDString = 6E0019F821A377D700AA9D81;
			remoteInfo = StartUpRating;
		};
/* End PBXContainerItemProxy section */

/* Begin PBXFileReference section */
		4C593480A58A67B4AEC2414A /* Pods-StartUpRating.release.xcconfig */ = {isa = PBXFileReference; includeInIndex = 1; lastKnownFileType = text.xcconfig; name = "Pods-StartUpRating.release.xcconfig"; path = "Pods/Target Support Files/Pods-StartUpRating/Pods-StartUpRating.release.xcconfig"; sourceTree = "<group>"; };
		52D16B034676590665175930 /* Pods-StartUpRatingTests.debug.xcconfig */ = {isa = PBXFileReference; includeInIndex = 1; lastKnownFileType = text.xcconfig; name = "Pods-StartUpRatingTests.debug.xcconfig"; path = "Pods/Target Support Files/Pods-StartUpRatingTests/Pods-StartUpRatingTests.debug.xcconfig"; sourceTree = "<group>"; };
		6E0019F921A377D700AA9D81 /* StartUpRating.app */ = {isa = PBXFileReference; explicitFileType = wrapper.application; includeInIndex = 0; path = StartUpRating.app; sourceTree = BUILT_PRODUCTS_DIR; };
		6E0019FC21A377D700AA9D81 /* AppDelegate.swift */ = {isa = PBXFileReference; lastKnownFileType = sourcecode.swift; path = AppDelegate.swift; sourceTree = "<group>"; };
		6E001A0121A377D700AA9D81 /* Base */ = {isa = PBXFileReference; lastKnownFileType = file.storyboard; name = Base; path = Base.lproj/Main.storyboard; sourceTree = "<group>"; };
		6E001A0321A377DF00AA9D81 /* Assets.xcassets */ = {isa = PBXFileReference; lastKnownFileType = folder.assetcatalog; path = Assets.xcassets; sourceTree = "<group>"; };
		6E001A0621A377DF00AA9D81 /* Base */ = {isa = PBXFileReference; lastKnownFileType = file.storyboard; name = Base; path = Base.lproj/LaunchScreen.storyboard; sourceTree = "<group>"; };
		6E001A0821A377DF00AA9D81 /* Info.plist */ = {isa = PBXFileReference; lastKnownFileType = text.plist.xml; path = Info.plist; sourceTree = "<group>"; };
		6E001A0D21A377DF00AA9D81 /* StartUpRatingTests.xctest */ = {isa = PBXFileReference; explicitFileType = wrapper.cfbundle; includeInIndex = 0; path = StartUpRatingTests.xctest; sourceTree = BUILT_PRODUCTS_DIR; };
		6E001A1121A377DF00AA9D81 /* StartUpRatingTests.swift */ = {isa = PBXFileReference; lastKnownFileType = sourcecode.swift; path = StartUpRatingTests.swift; sourceTree = "<group>"; };
		6E001A1321A377DF00AA9D81 /* Info.plist */ = {isa = PBXFileReference; lastKnownFileType = text.plist.xml; path = Info.plist; sourceTree = "<group>"; };
		6E001A1821A377DF00AA9D81 /* StartUpRatingUITests.xctest */ = {isa = PBXFileReference; explicitFileType = wrapper.cfbundle; includeInIndex = 0; path = StartUpRatingUITests.xctest; sourceTree = BUILT_PRODUCTS_DIR; };
		6E001A1C21A377DF00AA9D81 /* StartUpRatingUITests.swift */ = {isa = PBXFileReference; lastKnownFileType = sourcecode.swift; path = StartUpRatingUITests.swift; sourceTree = "<group>"; };
		6E001A1E21A377DF00AA9D81 /* Info.plist */ = {isa = PBXFileReference; lastKnownFileType = text.plist.xml; path = Info.plist; sourceTree = "<group>"; };
		6E001A2B21A58F2E00AA9D81 /* schema.json */ = {isa = PBXFileReference; fileEncoding = 4; lastKnownFileType = text.json; name = schema.json; path = StartUpRating/schema.json; sourceTree = SOURCE_ROOT; };
		6E001A2D21A58F6100AA9D81 /* ApolloManager.swift */ = {isa = PBXFileReference; lastKnownFileType = sourcecode.swift; path = ApolloManager.swift; sourceTree = "<group>"; };
		6E001A3221A5903500AA9D81 /* GetAllSegments.graphql */ = {isa = PBXFileReference; lastKnownFileType = text; path = GetAllSegments.graphql; sourceTree = "<group>"; };
		6E001A3521A5936800AA9D81 /* API.swift */ = {isa = PBXFileReference; fileEncoding = 4; lastKnownFileType = sourcecode.swift; path = API.swift; sourceTree = "<group>"; };
		6EBC912821A5F4F100B9853D /* StartUpsListViewController.swift */ = {isa = PBXFileReference; lastKnownFileType = sourcecode.swift; name = StartUpsListViewController.swift; path = StartUpRating/Modules/StartUpsList/StartUpsListViewController.swift; sourceTree = SOURCE_ROOT; };
		6EBC912C21A5F62E00B9853D /* StartUpsListViewController.graphql */ = {isa = PBXFileReference; lastKnownFileType = text; path = StartUpsListViewController.graphql; sourceTree = "<group>"; };
		6EBC912F21A6089C00B9853D /* StartUpsListPresenter.swift */ = {isa = PBXFileReference; lastKnownFileType = sourcecode.swift; path = StartUpsListPresenter.swift; sourceTree = "<group>"; };
		6EBC913121A6411600B9853D /* StartUpModel.swift */ = {isa = PBXFileReference; lastKnownFileType = sourcecode.swift; path = StartUpModel.swift; sourceTree = "<group>"; };
		6EBC913421A641BE00B9853D /* URLConstants.swift */ = {isa = PBXFileReference; lastKnownFileType = sourcecode.swift; path = URLConstants.swift; sourceTree = "<group>"; };
		6EBC913721A65B3D00B9853D /* StartupTableViewCell.swift */ = {isa = PBXFileReference; lastKnownFileType = sourcecode.swift; path = StartupTableViewCell.swift; sourceTree = "<group>"; };
		6EBC913821A65B3D00B9853D /* StartupTableViewCell.xib */ = {isa = PBXFileReference; lastKnownFileType = file.xib; path = StartupTableViewCell.xib; sourceTree = "<group>"; };
		6EBC913D21A6E34A00B9853D /* Reusable.swift */ = {isa = PBXFileReference; lastKnownFileType = sourcecode.swift; path = Reusable.swift; sourceTree = "<group>"; };
		6EBC913F21A6E36800B9853D /* NibLoadableView.swift */ = {isa = PBXFileReference; lastKnownFileType = sourcecode.swift; path = NibLoadableView.swift; sourceTree = "<group>"; };
		6EBC914221A6E3B900B9853D /* UITableView+custom.swift */ = {isa = PBXFileReference; lastKnownFileType = sourcecode.swift; path = "UITableView+custom.swift"; sourceTree = "<group>"; };
		6EBC914421A6F59C00B9853D /* StartUpsListConfigurator.swift */ = {isa = PBXFileReference; lastKnownFileType = sourcecode.swift; path = StartUpsListConfigurator.swift; sourceTree = "<group>"; };
		6EBC914621A701DB00B9853D /* UIView+custom.swift */ = {isa = PBXFileReference; lastKnownFileType = sourcecode.swift; path = "UIView+custom.swift"; sourceTree = "<group>"; };
		6EBC914821A73C9600B9853D /* StartupDetailsViewController.swift */ = {isa = PBXFileReference; lastKnownFileType = sourcecode.swift; path = StartupDetailsViewController.swift; sourceTree = "<group>"; };
		6EBC914A21A73F7400B9853D /* StartupDetailsPresenter.swift */ = {isa = PBXFileReference; lastKnownFileType = sourcecode.swift; path = StartupDetailsPresenter.swift; sourceTree = "<group>"; };
		6EBC914C21A7425900B9853D /* ImageUtils.swift */ = {isa = PBXFileReference; lastKnownFileType = sourcecode.swift; path = ImageUtils.swift; sourceTree = "<group>"; };
		6EBC914E21A742C500B9853D /* StartupDetailsConfigurator.swift */ = {isa = PBXFileReference; lastKnownFileType = sourcecode.swift; path = StartupDetailsConfigurator.swift; sourceTree = "<group>"; };
		6EBC915021A7471C00B9853D /* StartUpsListRouter.swift */ = {isa = PBXFileReference; lastKnownFileType = sourcecode.swift; path = StartUpsListRouter.swift; sourceTree = "<group>"; };
		6EF9277E21A7497A006211CB /* ViewRouter.swift */ = {isa = PBXFileReference; lastKnownFileType = sourcecode.swift; path = ViewRouter.swift; sourceTree = "<group>"; };
		6EF9278021A78A05006211CB /* GoogleService-Info.plist */ = {isa = PBXFileReference; fileEncoding = 4; lastKnownFileType = text.plist.xml; path = "GoogleService-Info.plist"; sourceTree = "<group>"; };
		6EF9278321A79EA5006211CB /* RatingManager.swift */ = {isa = PBXFileReference; lastKnownFileType = sourcecode.swift; path = RatingManager.swift; sourceTree = "<group>"; };
		6EF9278521A8A625006211CB /* StartupRatingModel.swift */ = {isa = PBXFileReference; lastKnownFileType = sourcecode.swift; path = StartupRatingModel.swift; sourceTree = "<group>"; };
		6EF9278721A8FEF5006211CB /* RankingViewController.swift */ = {isa = PBXFileReference; lastKnownFileType = sourcecode.swift; name = RankingViewController.swift; path = "../New Group/RankingViewController.swift"; sourceTree = "<group>"; };
		6EF9278921A8FF4F006211CB /* RankingPresenter.swift */ = {isa = PBXFileReference; lastKnownFileType = sourcecode.swift; path = RankingPresenter.swift; sourceTree = "<group>"; };
		6EF9278B21A8FF6B006211CB /* RankingConfigurator.swift */ = {isa = PBXFileReference; lastKnownFileType = sourcecode.swift; path = RankingConfigurator.swift; sourceTree = "<group>"; };
		6EF9278D21AA3D03006211CB /* RankingRouter.swift */ = {isa = PBXFileReference; lastKnownFileType = sourcecode.swift; path = RankingRouter.swift; sourceTree = "<group>"; };
		6EF9278F21AA5C0B006211CB /* FirestorePaths.swift */ = {isa = PBXFileReference; lastKnownFileType = sourcecode.swift; path = FirestorePaths.swift; sourceTree = "<group>"; };
		6EF9279121AACDA8006211CB /* Criteria.swift */ = {isa = PBXFileReference; lastKnownFileType = sourcecode.swift; path = Criteria.swift; sourceTree = "<group>"; };
		6EF9279321AAD752006211CB /* RankingTableViewCell.swift */ = {isa = PBXFileReference; lastKnownFileType = sourcecode.swift; path = RankingTableViewCell.swift; sourceTree = "<group>"; };
		6EF9279421AAD752006211CB /* RankingTableViewCell.xib */ = {isa = PBXFileReference; lastKnownFileType = file.xib; path = RankingTableViewCell.xib; sourceTree = "<group>"; };
		6EF9279821AAD805006211CB /* RankingHeaderView.swift */ = {isa = PBXFileReference; lastKnownFileType = sourcecode.swift; path = RankingHeaderView.swift; sourceTree = "<group>"; };
		6EF9279A21AB1C45006211CB /* RankingHeaderView.xib */ = {isa = PBXFileReference; lastKnownFileType = file.xib; path = RankingHeaderView.xib; sourceTree = "<group>"; };
		861654F1B0FE3C74E7CD5673 /* Pods_StartUpRatingUITests.framework */ = {isa = PBXFileReference; explicitFileType = wrapper.framework; includeInIndex = 0; path = Pods_StartUpRatingUITests.framework; sourceTree = BUILT_PRODUCTS_DIR; };
		B94BCE5113BB231ABDDD12FA /* Pods-StartUpRating.debug.xcconfig */ = {isa = PBXFileReference; includeInIndex = 1; lastKnownFileType = text.xcconfig; name = "Pods-StartUpRating.debug.xcconfig"; path = "Pods/Target Support Files/Pods-StartUpRating/Pods-StartUpRating.debug.xcconfig"; sourceTree = "<group>"; };
		BB32EAAB087449B2F940B5E4 /* Pods_StartUpRatingTests.framework */ = {isa = PBXFileReference; explicitFileType = wrapper.framework; includeInIndex = 0; path = Pods_StartUpRatingTests.framework; sourceTree = BUILT_PRODUCTS_DIR; };
		C1F3DDC51CA85E3492192631 /* Pods-StartUpRatingUITests.debug.xcconfig */ = {isa = PBXFileReference; includeInIndex = 1; lastKnownFileType = text.xcconfig; name = "Pods-StartUpRatingUITests.debug.xcconfig"; path = "Pods/Target Support Files/Pods-StartUpRatingUITests/Pods-StartUpRatingUITests.debug.xcconfig"; sourceTree = "<group>"; };
		DCD97023D743B86DB2FB5F30 /* Pods-StartUpRatingUITests.release.xcconfig */ = {isa = PBXFileReference; includeInIndex = 1; lastKnownFileType = text.xcconfig; name = "Pods-StartUpRatingUITests.release.xcconfig"; path = "Pods/Target Support Files/Pods-StartUpRatingUITests/Pods-StartUpRatingUITests.release.xcconfig"; sourceTree = "<group>"; };
		EEE446948DDDC2FBC77DFFFC /* Pods_StartUpRating.framework */ = {isa = PBXFileReference; explicitFileType = wrapper.framework; includeInIndex = 0; path = Pods_StartUpRating.framework; sourceTree = BUILT_PRODUCTS_DIR; };
		FAF0E82A516AAB380DBCB9FA /* Pods-StartUpRatingTests.release.xcconfig */ = {isa = PBXFileReference; includeInIndex = 1; lastKnownFileType = text.xcconfig; name = "Pods-StartUpRatingTests.release.xcconfig"; path = "Pods/Target Support Files/Pods-StartUpRatingTests/Pods-StartUpRatingTests.release.xcconfig"; sourceTree = "<group>"; };
/* End PBXFileReference section */

/* Begin PBXFrameworksBuildPhase section */
		6E0019F621A377D700AA9D81 /* Frameworks */ = {
			isa = PBXFrameworksBuildPhase;
			buildActionMask = 2147483647;
			files = (
				87943D429836CC63632371B5 /* Pods_StartUpRating.framework in Frameworks */,
			);
			runOnlyForDeploymentPostprocessing = 0;
		};
		6E001A0A21A377DF00AA9D81 /* Frameworks */ = {
			isa = PBXFrameworksBuildPhase;
			buildActionMask = 2147483647;
			files = (
				5289212A766F4BABBA610639 /* Pods_StartUpRatingTests.framework in Frameworks */,
			);
			runOnlyForDeploymentPostprocessing = 0;
		};
		6E001A1521A377DF00AA9D81 /* Frameworks */ = {
			isa = PBXFrameworksBuildPhase;
			buildActionMask = 2147483647;
			files = (
				4ED12F4CFFC30B7ED4B8C4EC /* Pods_StartUpRatingUITests.framework in Frameworks */,
			);
			runOnlyForDeploymentPostprocessing = 0;
		};
/* End PBXFrameworksBuildPhase section */

/* Begin PBXGroup section */
		6E0019F021A377D600AA9D81 = {
			isa = PBXGroup;
			children = (
				6E0019FB21A377D700AA9D81 /* StartUpRating */,
				6E001A1021A377DF00AA9D81 /* StartUpRatingTests */,
				6E001A1B21A377DF00AA9D81 /* StartUpRatingUITests */,
				6E0019FA21A377D700AA9D81 /* Products */,
				DD7CDDABE4EFEE77110BC22E /* Pods */,
				CA2A1BD1F9AAC4302939C997 /* Frameworks */,
			);
			sourceTree = "<group>";
		};
		6E0019FA21A377D700AA9D81 /* Products */ = {
			isa = PBXGroup;
			children = (
				6E0019F921A377D700AA9D81 /* StartUpRating.app */,
				6E001A0D21A377DF00AA9D81 /* StartUpRatingTests.xctest */,
				6E001A1821A377DF00AA9D81 /* StartUpRatingUITests.xctest */,
			);
			name = Products;
			sourceTree = "<group>";
		};
		6E0019FB21A377D700AA9D81 /* StartUpRating */ = {
			isa = PBXGroup;
			children = (
				6EBC913B21A6E33300B9853D /* Utils */,
				6EBC913321A641AD00B9853D /* Common */,
				6EBC912421A5DBA300B9853D /* Modules */,
				6E001A3521A5936800AA9D81 /* API.swift */,
				6E001A2B21A58F2E00AA9D81 /* schema.json */,
				6E001A2A21A588FA00AA9D81 /* DataManager */,
				6E0019FC21A377D700AA9D81 /* AppDelegate.swift */,
				6E001A0021A377D700AA9D81 /* Main.storyboard */,
				6E001A0321A377DF00AA9D81 /* Assets.xcassets */,
				6E001A0521A377DF00AA9D81 /* LaunchScreen.storyboard */,
				6E001A0821A377DF00AA9D81 /* Info.plist */,
				6EF9278021A78A05006211CB /* GoogleService-Info.plist */,
			);
			path = StartUpRating;
			sourceTree = "<group>";
		};
		6E001A1021A377DF00AA9D81 /* StartUpRatingTests */ = {
			isa = PBXGroup;
			children = (
				6E001A1121A377DF00AA9D81 /* StartUpRatingTests.swift */,
				6E001A1321A377DF00AA9D81 /* Info.plist */,
			);
			path = StartUpRatingTests;
			sourceTree = "<group>";
		};
		6E001A1B21A377DF00AA9D81 /* StartUpRatingUITests */ = {
			isa = PBXGroup;
			children = (
				6E001A1C21A377DF00AA9D81 /* StartUpRatingUITests.swift */,
				6E001A1E21A377DF00AA9D81 /* Info.plist */,
			);
			path = StartUpRatingUITests;
			sourceTree = "<group>";
		};
		6E001A2A21A588FA00AA9D81 /* DataManager */ = {
			isa = PBXGroup;
			children = (
				6E001A2F21A58F9F00AA9D81 /* GraphQL */,
				6E001A2D21A58F6100AA9D81 /* ApolloManager.swift */,
			);
			path = DataManager;
			sourceTree = "<group>";
		};
		6E001A2F21A58F9F00AA9D81 /* GraphQL */ = {
			isa = PBXGroup;
			children = (
				6E001A3221A5903500AA9D81 /* GetAllSegments.graphql */,
			);
			path = GraphQL;
			sourceTree = "<group>";
		};
		6EBC912421A5DBA300B9853D /* Modules */ = {
			isa = PBXGroup;
			children = (
				6EBC912721A5DBCA00B9853D /* Ranking */,
				6EBC912621A5DBC100B9853D /* StartUpDetails */,
				6EBC912521A5DBAB00B9853D /* StartUpsList */,
			);
			path = Modules;
			sourceTree = "<group>";
		};
		6EBC912521A5DBAB00B9853D /* StartUpsList */ = {
			isa = PBXGroup;
			children = (
				6EBC912E21A5F89600B9853D /* View */,
				6EBC912C21A5F62E00B9853D /* StartUpsListViewController.graphql */,
				6EBC912821A5F4F100B9853D /* StartUpsListViewController.swift */,
				6EBC912F21A6089C00B9853D /* StartUpsListPresenter.swift */,
				6EBC913121A6411600B9853D /* StartUpModel.swift */,
				6EBC914421A6F59C00B9853D /* StartUpsListConfigurator.swift */,
				6EBC915021A7471C00B9853D /* StartUpsListRouter.swift */,
			);
			path = StartUpsList;
			sourceTree = "<group>";
		};
		6EBC912621A5DBC100B9853D /* StartUpDetails */ = {
			isa = PBXGroup;
			children = (
				6EBC914821A73C9600B9853D /* StartupDetailsViewController.swift */,
				6EBC914A21A73F7400B9853D /* StartupDetailsPresenter.swift */,
				6EBC914E21A742C500B9853D /* StartupDetailsConfigurator.swift */,
			);
			path = StartUpDetails;
			sourceTree = "<group>";
		};
		6EBC912721A5DBCA00B9853D /* Ranking */ = {
			isa = PBXGroup;
			children = (
				6EF9279721AAD75A006211CB /* View */,
				6EF9278921A8FF4F006211CB /* RankingPresenter.swift */,
				6EF9278B21A8FF6B006211CB /* RankingConfigurator.swift */,
				6EF9278D21AA3D03006211CB /* RankingRouter.swift */,
			);
			path = Ranking;
			sourceTree = "<group>";
		};
		6EBC912E21A5F89600B9853D /* View */ = {
			isa = PBXGroup;
			children = (
				6EBC913621A65B1B00B9853D /* Cells */,
			);
			path = View;
			sourceTree = "<group>";
		};
		6EBC913321A641AD00B9853D /* Common */ = {
			isa = PBXGroup;
			children = (
				6EF9278221A79E6D006211CB /* Rating */,
				6EBC913421A641BE00B9853D /* URLConstants.swift */,
				6EF9278F21AA5C0B006211CB /* FirestorePaths.swift */,
			);
			path = Common;
			sourceTree = "<group>";
		};
		6EBC913621A65B1B00B9853D /* Cells */ = {
			isa = PBXGroup;
			children = (
				6EBC913721A65B3D00B9853D /* StartupTableViewCell.swift */,
				6EBC913821A65B3D00B9853D /* StartupTableViewCell.xib */,
			);
			path = Cells;
			sourceTree = "<group>";
		};
		6EBC913B21A6E33300B9853D /* Utils */ = {
			isa = PBXGroup;
			children = (
				6EF9277D21A7496B006211CB /* Others */,
				6EBC915221A748E400B9853D /* UI */,
			);
			path = Utils;
			sourceTree = "<group>";
		};
		6EBC913C21A6E33B00B9853D /* Protocols */ = {
			isa = PBXGroup;
			children = (
				6EBC913D21A6E34A00B9853D /* Reusable.swift */,
				6EBC913F21A6E36800B9853D /* NibLoadableView.swift */,
			);
			path = Protocols;
			sourceTree = "<group>";
		};
		6EBC914121A6E3A100B9853D /* Extensions */ = {
			isa = PBXGroup;
			children = (
				6EBC914221A6E3B900B9853D /* UITableView+custom.swift */,
				6EBC914621A701DB00B9853D /* UIView+custom.swift */,
			);
			name = Extensions;
			path = "../New Group/Extensions";
			sourceTree = "<group>";
		};
		6EBC915221A748E400B9853D /* UI */ = {
			isa = PBXGroup;
			children = (
				6EBC914C21A7425900B9853D /* ImageUtils.swift */,
				6EBC913C21A6E33B00B9853D /* Protocols */,
				6EBC914121A6E3A100B9853D /* Extensions */,
			);
			path = UI;
			sourceTree = "<group>";
		};
		6EF9277D21A7496B006211CB /* Others */ = {
			isa = PBXGroup;
			children = (
				6EF9277E21A7497A006211CB /* ViewRouter.swift */,
			);
			path = Others;
			sourceTree = "<group>";
		};
		6EF9278221A79E6D006211CB /* Rating */ = {
			isa = PBXGroup;
			children = (
				6EF9279121AACDA8006211CB /* Criteria.swift */,
				6EF9278321A79EA5006211CB /* RatingManager.swift */,
				6EF9278521A8A625006211CB /* StartupRatingModel.swift */,
			);
			path = Rating;
			sourceTree = "<group>";
		};
		6EF9279721AAD75A006211CB /* View */ = {
			isa = PBXGroup;
			children = (
				6EF9279321AAD752006211CB /* RankingTableViewCell.swift */,
				6EF9279421AAD752006211CB /* RankingTableViewCell.xib */,
				6EF9279821AAD805006211CB /* RankingHeaderView.swift */,
				6EF9278721A8FEF5006211CB /* RankingViewController.swift */,
				6EF9279A21AB1C45006211CB /* RankingHeaderView.xib */,
			);
			path = View;
			sourceTree = "<group>";
		};
		CA2A1BD1F9AAC4302939C997 /* Frameworks */ = {
			isa = PBXGroup;
			children = (
				EEE446948DDDC2FBC77DFFFC /* Pods_StartUpRating.framework */,
				BB32EAAB087449B2F940B5E4 /* Pods_StartUpRatingTests.framework */,
				861654F1B0FE3C74E7CD5673 /* Pods_StartUpRatingUITests.framework */,
			);
			name = Frameworks;
			sourceTree = "<group>";
		};
		DD7CDDABE4EFEE77110BC22E /* Pods */ = {
			isa = PBXGroup;
			children = (
				B94BCE5113BB231ABDDD12FA /* Pods-StartUpRating.debug.xcconfig */,
				4C593480A58A67B4AEC2414A /* Pods-StartUpRating.release.xcconfig */,
				52D16B034676590665175930 /* Pods-StartUpRatingTests.debug.xcconfig */,
				FAF0E82A516AAB380DBCB9FA /* Pods-StartUpRatingTests.release.xcconfig */,
				C1F3DDC51CA85E3492192631 /* Pods-StartUpRatingUITests.debug.xcconfig */,
				DCD97023D743B86DB2FB5F30 /* Pods-StartUpRatingUITests.release.xcconfig */,
			);
			name = Pods;
			sourceTree = "<group>";
		};
/* End PBXGroup section */

/* Begin PBXNativeTarget section */
		6E0019F821A377D700AA9D81 /* StartUpRating */ = {
			isa = PBXNativeTarget;
			buildConfigurationList = 6E001A2121A377DF00AA9D81 /* Build configuration list for PBXNativeTarget "StartUpRating" */;
			buildPhases = (
				22E1E70C44BEB199DD7E44F9 /* [CP] Check Pods Manifest.lock */,
				6E001A3421A5929300AA9D81 /* ShellScript */,
				6E0019F521A377D700AA9D81 /* Sources */,
				6E0019F621A377D700AA9D81 /* Frameworks */,
				6E0019F721A377D700AA9D81 /* Resources */,
				15DE40CBA10AD4842B8AD2E1 /* [CP] Embed Pods Frameworks */,
			);
			buildRules = (
			);
			dependencies = (
			);
			name = StartUpRating;
			productName = StartUpRating;
			productReference = 6E0019F921A377D700AA9D81 /* StartUpRating.app */;
			productType = "com.apple.product-type.application";
		};
		6E001A0C21A377DF00AA9D81 /* StartUpRatingTests */ = {
			isa = PBXNativeTarget;
			buildConfigurationList = 6E001A2421A377DF00AA9D81 /* Build configuration list for PBXNativeTarget "StartUpRatingTests" */;
			buildPhases = (
				6A991D9E0343361081EA3685 /* [CP] Check Pods Manifest.lock */,
				6E001A0921A377DF00AA9D81 /* Sources */,
				6E001A0A21A377DF00AA9D81 /* Frameworks */,
				6E001A0B21A377DF00AA9D81 /* Resources */,
			);
			buildRules = (
			);
			dependencies = (
				6E001A0F21A377DF00AA9D81 /* PBXTargetDependency */,
			);
			name = StartUpRatingTests;
			productName = StartUpRatingTests;
			productReference = 6E001A0D21A377DF00AA9D81 /* StartUpRatingTests.xctest */;
			productType = "com.apple.product-type.bundle.unit-test";
		};
		6E001A1721A377DF00AA9D81 /* StartUpRatingUITests */ = {
			isa = PBXNativeTarget;
			buildConfigurationList = 6E001A2721A377DF00AA9D81 /* Build configuration list for PBXNativeTarget "StartUpRatingUITests" */;
			buildPhases = (
				6ACB3D75532F8533D2CB1D7E /* [CP] Check Pods Manifest.lock */,
				6E001A1421A377DF00AA9D81 /* Sources */,
				6E001A1521A377DF00AA9D81 /* Frameworks */,
				6E001A1621A377DF00AA9D81 /* Resources */,
			);
			buildRules = (
			);
			dependencies = (
				6E001A1A21A377DF00AA9D81 /* PBXTargetDependency */,
			);
			name = StartUpRatingUITests;
			productName = StartUpRatingUITests;
			productReference = 6E001A1821A377DF00AA9D81 /* StartUpRatingUITests.xctest */;
			productType = "com.apple.product-type.bundle.ui-testing";
		};
/* End PBXNativeTarget section */

/* Begin PBXProject section */
		6E0019F121A377D600AA9D81 /* Project object */ = {
			isa = PBXProject;
			attributes = {
				LastSwiftUpdateCheck = 1010;
				LastUpgradeCheck = 1010;
				ORGANIZATIONNAME = Edgar;
				TargetAttributes = {
					6E0019F821A377D700AA9D81 = {
						CreatedOnToolsVersion = 10.1;
					};
					6E001A0C21A377DF00AA9D81 = {
						CreatedOnToolsVersion = 10.1;
						TestTargetID = 6E0019F821A377D700AA9D81;
					};
					6E001A1721A377DF00AA9D81 = {
						CreatedOnToolsVersion = 10.1;
						TestTargetID = 6E0019F821A377D700AA9D81;
					};
				};
			};
			buildConfigurationList = 6E0019F421A377D700AA9D81 /* Build configuration list for PBXProject "StartUpRating" */;
			compatibilityVersion = "Xcode 9.3";
			developmentRegion = en;
			hasScannedForEncodings = 0;
			knownRegions = (
				en,
				Base,
			);
			mainGroup = 6E0019F021A377D600AA9D81;
			productRefGroup = 6E0019FA21A377D700AA9D81 /* Products */;
			projectDirPath = "";
			projectRoot = "";
			targets = (
				6E0019F821A377D700AA9D81 /* StartUpRating */,
				6E001A0C21A377DF00AA9D81 /* StartUpRatingTests */,
				6E001A1721A377DF00AA9D81 /* StartUpRatingUITests */,
			);
		};
/* End PBXProject section */

/* Begin PBXResourcesBuildPhase section */
		6E0019F721A377D700AA9D81 /* Resources */ = {
			isa = PBXResourcesBuildPhase;
			buildActionMask = 2147483647;
			files = (
				6EBC912D21A5F62E00B9853D /* StartUpsListViewController.graphql in Resources */,
				6E001A3321A5903500AA9D81 /* GetAllSegments.graphql in Resources */,
				6EF9279B21AB1C45006211CB /* RankingHeaderView.xib in Resources */,
				6E001A2C21A58F2E00AA9D81 /* schema.json in Resources */,
				6EF9278121A78A06006211CB /* GoogleService-Info.plist in Resources */,
				6E001A0721A377DF00AA9D81 /* LaunchScreen.storyboard in Resources */,
				6E001A0421A377DF00AA9D81 /* Assets.xcassets in Resources */,
				6E001A0221A377D700AA9D81 /* Main.storyboard in Resources */,
				6EF9279621AAD752006211CB /* RankingTableViewCell.xib in Resources */,
				6EBC913A21A65B3D00B9853D /* StartupTableViewCell.xib in Resources */,
			);
			runOnlyForDeploymentPostprocessing = 0;
		};
		6E001A0B21A377DF00AA9D81 /* Resources */ = {
			isa = PBXResourcesBuildPhase;
			buildActionMask = 2147483647;
			files = (
			);
			runOnlyForDeploymentPostprocessing = 0;
		};
		6E001A1621A377DF00AA9D81 /* Resources */ = {
			isa = PBXResourcesBuildPhase;
			buildActionMask = 2147483647;
			files = (
			);
			runOnlyForDeploymentPostprocessing = 0;
		};
/* End PBXResourcesBuildPhase section */

/* Begin PBXShellScriptBuildPhase section */
		15DE40CBA10AD4842B8AD2E1 /* [CP] Embed Pods Frameworks */ = {
			isa = PBXShellScriptBuildPhase;
			buildActionMask = 2147483647;
			files = (
			);
			inputFileListPaths = (
			);
			inputPaths = (
				"${SRCROOT}/Pods/Target Support Files/Pods-StartUpRating/Pods-StartUpRating-frameworks.sh",
				"${BUILT_PRODUCTS_DIR}/Apollo/Apollo.framework",
				"${BUILT_PRODUCTS_DIR}/BoringSSL/openssl.framework",
				"${BUILT_PRODUCTS_DIR}/GoogleUtilities/GoogleUtilities.framework",
				"${BUILT_PRODUCTS_DIR}/Protobuf/Protobuf.framework",
				"${BUILT_PRODUCTS_DIR}/gRPC/GRPCClient.framework",
				"${BUILT_PRODUCTS_DIR}/gRPC-C++/grpcpp.framework",
				"${BUILT_PRODUCTS_DIR}/gRPC-Core/grpc.framework",
				"${BUILT_PRODUCTS_DIR}/gRPC-ProtoRPC/ProtoRPC.framework",
				"${BUILT_PRODUCTS_DIR}/gRPC-RxLibrary/RxLibrary.framework",
				"${BUILT_PRODUCTS_DIR}/leveldb-library/leveldb.framework",
				"${BUILT_PRODUCTS_DIR}/nanopb/nanopb.framework",
			);
			name = "[CP] Embed Pods Frameworks";
			outputFileListPaths = (
			);
			outputPaths = (
				"${TARGET_BUILD_DIR}/${FRAMEWORKS_FOLDER_PATH}/Apollo.framework",
				"${TARGET_BUILD_DIR}/${FRAMEWORKS_FOLDER_PATH}/openssl.framework",
				"${TARGET_BUILD_DIR}/${FRAMEWORKS_FOLDER_PATH}/GoogleUtilities.framework",
				"${TARGET_BUILD_DIR}/${FRAMEWORKS_FOLDER_PATH}/Protobuf.framework",
				"${TARGET_BUILD_DIR}/${FRAMEWORKS_FOLDER_PATH}/GRPCClient.framework",
				"${TARGET_BUILD_DIR}/${FRAMEWORKS_FOLDER_PATH}/grpcpp.framework",
				"${TARGET_BUILD_DIR}/${FRAMEWORKS_FOLDER_PATH}/grpc.framework",
				"${TARGET_BUILD_DIR}/${FRAMEWORKS_FOLDER_PATH}/ProtoRPC.framework",
				"${TARGET_BUILD_DIR}/${FRAMEWORKS_FOLDER_PATH}/RxLibrary.framework",
				"${TARGET_BUILD_DIR}/${FRAMEWORKS_FOLDER_PATH}/leveldb.framework",
				"${TARGET_BUILD_DIR}/${FRAMEWORKS_FOLDER_PATH}/nanopb.framework",
			);
			runOnlyForDeploymentPostprocessing = 0;
			shellPath = /bin/sh;
			shellScript = "\"${SRCROOT}/Pods/Target Support Files/Pods-StartUpRating/Pods-StartUpRating-frameworks.sh\"\n";
			showEnvVarsInLog = 0;
		};
		22E1E70C44BEB199DD7E44F9 /* [CP] Check Pods Manifest.lock */ = {
			isa = PBXShellScriptBuildPhase;
			buildActionMask = 2147483647;
			files = (
			);
			inputFileListPaths = (
			);
			inputPaths = (
				"${PODS_PODFILE_DIR_PATH}/Podfile.lock",
				"${PODS_ROOT}/Manifest.lock",
			);
			name = "[CP] Check Pods Manifest.lock";
			outputFileListPaths = (
			);
			outputPaths = (
				"$(DERIVED_FILE_DIR)/Pods-StartUpRating-checkManifestLockResult.txt",
			);
			runOnlyForDeploymentPostprocessing = 0;
			shellPath = /bin/sh;
			shellScript = "diff \"${PODS_PODFILE_DIR_PATH}/Podfile.lock\" \"${PODS_ROOT}/Manifest.lock\" > /dev/null\nif [ $? != 0 ] ; then\n    # print error to STDERR\n    echo \"error: The sandbox is not in sync with the Podfile.lock. Run 'pod install' or update your CocoaPods installation.\" >&2\n    exit 1\nfi\n# This output is used by Xcode 'outputs' to avoid re-running this script phase.\necho \"SUCCESS\" > \"${SCRIPT_OUTPUT_FILE_0}\"\n";
			showEnvVarsInLog = 0;
		};
		6A991D9E0343361081EA3685 /* [CP] Check Pods Manifest.lock */ = {
			isa = PBXShellScriptBuildPhase;
			buildActionMask = 2147483647;
			files = (
			);
			inputFileListPaths = (
			);
			inputPaths = (
				"${PODS_PODFILE_DIR_PATH}/Podfile.lock",
				"${PODS_ROOT}/Manifest.lock",
			);
			name = "[CP] Check Pods Manifest.lock";
			outputFileListPaths = (
			);
			outputPaths = (
				"$(DERIVED_FILE_DIR)/Pods-StartUpRatingTests-checkManifestLockResult.txt",
			);
			runOnlyForDeploymentPostprocessing = 0;
			shellPath = /bin/sh;
			shellScript = "diff \"${PODS_PODFILE_DIR_PATH}/Podfile.lock\" \"${PODS_ROOT}/Manifest.lock\" > /dev/null\nif [ $? != 0 ] ; then\n    # print error to STDERR\n    echo \"error: The sandbox is not in sync with the Podfile.lock. Run 'pod install' or update your CocoaPods installation.\" >&2\n    exit 1\nfi\n# This output is used by Xcode 'outputs' to avoid re-running this script phase.\necho \"SUCCESS\" > \"${SCRIPT_OUTPUT_FILE_0}\"\n";
			showEnvVarsInLog = 0;
		};
		6ACB3D75532F8533D2CB1D7E /* [CP] Check Pods Manifest.lock */ = {
			isa = PBXShellScriptBuildPhase;
			buildActionMask = 2147483647;
			files = (
			);
			inputFileListPaths = (
			);
			inputPaths = (
				"${PODS_PODFILE_DIR_PATH}/Podfile.lock",
				"${PODS_ROOT}/Manifest.lock",
			);
			name = "[CP] Check Pods Manifest.lock";
			outputFileListPaths = (
			);
			outputPaths = (
				"$(DERIVED_FILE_DIR)/Pods-StartUpRatingUITests-checkManifestLockResult.txt",
			);
			runOnlyForDeploymentPostprocessing = 0;
			shellPath = /bin/sh;
			shellScript = "diff \"${PODS_PODFILE_DIR_PATH}/Podfile.lock\" \"${PODS_ROOT}/Manifest.lock\" > /dev/null\nif [ $? != 0 ] ; then\n    # print error to STDERR\n    echo \"error: The sandbox is not in sync with the Podfile.lock. Run 'pod install' or update your CocoaPods installation.\" >&2\n    exit 1\nfi\n# This output is used by Xcode 'outputs' to avoid re-running this script phase.\necho \"SUCCESS\" > \"${SCRIPT_OUTPUT_FILE_0}\"\n";
			showEnvVarsInLog = 0;
		};
		6E001A3421A5929300AA9D81 /* ShellScript */ = {
			isa = PBXShellScriptBuildPhase;
			buildActionMask = 2147483647;
			files = (
			);
			inputFileListPaths = (
			);
			inputPaths = (
			);
			outputFileListPaths = (
			);
			outputPaths = (
			);
			runOnlyForDeploymentPostprocessing = 0;
			shellPath = /bin/sh;
			shellScript = "APOLLO_FRAMEWORK_PATH=\"$(eval find $FRAMEWORK_SEARCH_PATHS -name \"Apollo.framework\" -maxdepth 1)\"\n\nif [ -z \"$APOLLO_FRAMEWORK_PATH\" ]; then\necho \"error: Couldn't find Apollo.framework in FRAMEWORK_SEARCH_PATHS; make sure to add the framework to your project.\"\nexit 1\nfi\n\ncd \"${SRCROOT}/${TARGET_NAME}\"\n$APOLLO_FRAMEWORK_PATH/check-and-run-apollo-cli.sh codegen:generate --queries=\"$(find . -name '*.graphql')\" --schema=schema.json API.swift\n";
		};
/* End PBXShellScriptBuildPhase section */

/* Begin PBXSourcesBuildPhase section */
		6E0019F521A377D700AA9D81 /* Sources */ = {
			isa = PBXSourcesBuildPhase;
			buildActionMask = 2147483647;
			files = (
				6EBC914921A73C9600B9853D /* StartupDetailsViewController.swift in Sources */,
				6EF9278E21AA3D03006211CB /* RankingRouter.swift in Sources */,
				6EF9279921AAD805006211CB /* RankingHeaderView.swift in Sources */,
				6EBC913021A6089C00B9853D /* StartUpsListPresenter.swift in Sources */,
				6EF9278821A8FEF8006211CB /* RankingViewController.swift in Sources */,
				6EF9278421A79EA5006211CB /* RatingManager.swift in Sources */,
				6EBC913221A6411600B9853D /* StartUpModel.swift in Sources */,
				6EF9279521AAD752006211CB /* RankingTableViewCell.swift in Sources */,
				6EF9278621A8A625006211CB /* StartupRatingModel.swift in Sources */,
				6EBC914F21A742C600B9853D /* StartupDetailsConfigurator.swift in Sources */,
				6E001A2E21A58F6100AA9D81 /* ApolloManager.swift in Sources */,
				6EBC914521A6F59C00B9853D /* StartUpsListConfigurator.swift in Sources */,
				6EBC913E21A6E34A00B9853D /* Reusable.swift in Sources */,
				6EF9278A21A8FF4F006211CB /* RankingPresenter.swift in Sources */,
				6EF9278C21A8FF6B006211CB /* RankingConfigurator.swift in Sources */,
				6EBC915121A7471C00B9853D /* StartUpsListRouter.swift in Sources */,
				6EBC914021A6E36800B9853D /* NibLoadableView.swift in Sources */,
				6EBC913921A65B3D00B9853D /* StartupTableViewCell.swift in Sources */,
				6EF9279021AA5C0B006211CB /* FirestorePaths.swift in Sources */,
				6EBC914B21A73F7400B9853D /* StartupDetailsPresenter.swift in Sources */,
				6EF9279221AACDA8006211CB /* Criteria.swift in Sources */,
				6EBC912A21A5F4F100B9853D /* StartUpsListViewController.swift in Sources */,
				6EBC914721A701DB00B9853D /* UIView+custom.swift in Sources */,
				6EBC913521A641BE00B9853D /* URLConstants.swift in Sources */,
				6EF9277F21A7497A006211CB /* ViewRouter.swift in Sources */,
				6E001A3621A5936800AA9D81 /* API.swift in Sources */,
				6EBC914D21A7425900B9853D /* ImageUtils.swift in Sources */,
				6EBC914321A6E3B900B9853D /* UITableView+custom.swift in Sources */,
				6E0019FD21A377D700AA9D81 /* AppDelegate.swift in Sources */,
			);
			runOnlyForDeploymentPostprocessing = 0;
		};
		6E001A0921A377DF00AA9D81 /* Sources */ = {
			isa = PBXSourcesBuildPhase;
			buildActionMask = 2147483647;
			files = (
				6E001A1221A377DF00AA9D81 /* StartUpRatingTests.swift in Sources */,
			);
			runOnlyForDeploymentPostprocessing = 0;
		};
		6E001A1421A377DF00AA9D81 /* Sources */ = {
			isa = PBXSourcesBuildPhase;
			buildActionMask = 2147483647;
			files = (
				6E001A1D21A377DF00AA9D81 /* StartUpRatingUITests.swift in Sources */,
			);
			runOnlyForDeploymentPostprocessing = 0;
		};
/* End PBXSourcesBuildPhase section */

/* Begin PBXTargetDependency section */
		6E001A0F21A377DF00AA9D81 /* PBXTargetDependency */ = {
			isa = PBXTargetDependency;
			target = 6E0019F821A377D700AA9D81 /* StartUpRating */;
			targetProxy = 6E001A0E21A377DF00AA9D81 /* PBXContainerItemProxy */;
		};
		6E001A1A21A377DF00AA9D81 /* PBXTargetDependency */ = {
			isa = PBXTargetDependency;
			target = 6E0019F821A377D700AA9D81 /* StartUpRating */;
			targetProxy = 6E001A1921A377DF00AA9D81 /* PBXContainerItemProxy */;
		};
/* End PBXTargetDependency section */

/* Begin PBXVariantGroup section */
		6E001A0021A377D700AA9D81 /* Main.storyboard */ = {
			isa = PBXVariantGroup;
			children = (
				6E001A0121A377D700AA9D81 /* Base */,
			);
			name = Main.storyboard;
			sourceTree = "<group>";
		};
		6E001A0521A377DF00AA9D81 /* LaunchScreen.storyboard */ = {
			isa = PBXVariantGroup;
			children = (
				6E001A0621A377DF00AA9D81 /* Base */,
			);
			name = LaunchScreen.storyboard;
			sourceTree = "<group>";
		};
/* End PBXVariantGroup section */

/* Begin XCBuildConfiguration section */
		6E001A1F21A377DF00AA9D81 /* Debug */ = {
			isa = XCBuildConfiguration;
			buildSettings = {
				ALWAYS_SEARCH_USER_PATHS = NO;
				CLANG_ANALYZER_NONNULL = YES;
				CLANG_ANALYZER_NUMBER_OBJECT_CONVERSION = YES_AGGRESSIVE;
				CLANG_CXX_LANGUAGE_STANDARD = "gnu++14";
				CLANG_CXX_LIBRARY = "libc++";
				CLANG_ENABLE_MODULES = YES;
				CLANG_ENABLE_OBJC_ARC = YES;
				CLANG_ENABLE_OBJC_WEAK = YES;
				CLANG_WARN_BLOCK_CAPTURE_AUTORELEASING = YES;
				CLANG_WARN_BOOL_CONVERSION = YES;
				CLANG_WARN_COMMA = YES;
				CLANG_WARN_CONSTANT_CONVERSION = YES;
				CLANG_WARN_DEPRECATED_OBJC_IMPLEMENTATIONS = YES;
				CLANG_WARN_DIRECT_OBJC_ISA_USAGE = YES_ERROR;
				CLANG_WARN_DOCUMENTATION_COMMENTS = YES;
				CLANG_WARN_EMPTY_BODY = YES;
				CLANG_WARN_ENUM_CONVERSION = YES;
				CLANG_WARN_INFINITE_RECURSION = YES;
				CLANG_WARN_INT_CONVERSION = YES;
				CLANG_WARN_NON_LITERAL_NULL_CONVERSION = YES;
				CLANG_WARN_OBJC_IMPLICIT_RETAIN_SELF = YES;
				CLANG_WARN_OBJC_LITERAL_CONVERSION = YES;
				CLANG_WARN_OBJC_ROOT_CLASS = YES_ERROR;
				CLANG_WARN_RANGE_LOOP_ANALYSIS = YES;
				CLANG_WARN_STRICT_PROTOTYPES = YES;
				CLANG_WARN_SUSPICIOUS_MOVE = YES;
				CLANG_WARN_UNGUARDED_AVAILABILITY = YES_AGGRESSIVE;
				CLANG_WARN_UNREACHABLE_CODE = YES;
				CLANG_WARN__DUPLICATE_METHOD_MATCH = YES;
				CODE_SIGN_IDENTITY = "iPhone Developer";
				COPY_PHASE_STRIP = NO;
				DEBUG_INFORMATION_FORMAT = dwarf;
				ENABLE_STRICT_OBJC_MSGSEND = YES;
				ENABLE_TESTABILITY = YES;
				GCC_C_LANGUAGE_STANDARD = gnu11;
				GCC_DYNAMIC_NO_PIC = NO;
				GCC_NO_COMMON_BLOCKS = YES;
				GCC_OPTIMIZATION_LEVEL = 0;
				GCC_PREPROCESSOR_DEFINITIONS = (
					"DEBUG=1",
					"$(inherited)",
				);
				GCC_WARN_64_TO_32_BIT_CONVERSION = YES;
				GCC_WARN_ABOUT_RETURN_TYPE = YES_ERROR;
				GCC_WARN_UNDECLARED_SELECTOR = YES;
				GCC_WARN_UNINITIALIZED_AUTOS = YES_AGGRESSIVE;
				GCC_WARN_UNUSED_FUNCTION = YES;
				GCC_WARN_UNUSED_VARIABLE = YES;
				IPHONEOS_DEPLOYMENT_TARGET = 12.1;
				MTL_ENABLE_DEBUG_INFO = INCLUDE_SOURCE;
				MTL_FAST_MATH = YES;
				ONLY_ACTIVE_ARCH = YES;
				SDKROOT = iphoneos;
				SWIFT_ACTIVE_COMPILATION_CONDITIONS = DEBUG;
				SWIFT_OPTIMIZATION_LEVEL = "-Onone";
			};
			name = Debug;
		};
		6E001A2021A377DF00AA9D81 /* Release */ = {
			isa = XCBuildConfiguration;
			buildSettings = {
				ALWAYS_SEARCH_USER_PATHS = NO;
				CLANG_ANALYZER_NONNULL = YES;
				CLANG_ANALYZER_NUMBER_OBJECT_CONVERSION = YES_AGGRESSIVE;
				CLANG_CXX_LANGUAGE_STANDARD = "gnu++14";
				CLANG_CXX_LIBRARY = "libc++";
				CLANG_ENABLE_MODULES = YES;
				CLANG_ENABLE_OBJC_ARC = YES;
				CLANG_ENABLE_OBJC_WEAK = YES;
				CLANG_WARN_BLOCK_CAPTURE_AUTORELEASING = YES;
				CLANG_WARN_BOOL_CONVERSION = YES;
				CLANG_WARN_COMMA = YES;
				CLANG_WARN_CONSTANT_CONVERSION = YES;
				CLANG_WARN_DEPRECATED_OBJC_IMPLEMENTATIONS = YES;
				CLANG_WARN_DIRECT_OBJC_ISA_USAGE = YES_ERROR;
				CLANG_WARN_DOCUMENTATION_COMMENTS = YES;
				CLANG_WARN_EMPTY_BODY = YES;
				CLANG_WARN_ENUM_CONVERSION = YES;
				CLANG_WARN_INFINITE_RECURSION = YES;
				CLANG_WARN_INT_CONVERSION = YES;
				CLANG_WARN_NON_LITERAL_NULL_CONVERSION = YES;
				CLANG_WARN_OBJC_IMPLICIT_RETAIN_SELF = YES;
				CLANG_WARN_OBJC_LITERAL_CONVERSION = YES;
				CLANG_WARN_OBJC_ROOT_CLASS = YES_ERROR;
				CLANG_WARN_RANGE_LOOP_ANALYSIS = YES;
				CLANG_WARN_STRICT_PROTOTYPES = YES;
				CLANG_WARN_SUSPICIOUS_MOVE = YES;
				CLANG_WARN_UNGUARDED_AVAILABILITY = YES_AGGRESSIVE;
				CLANG_WARN_UNREACHABLE_CODE = YES;
				CLANG_WARN__DUPLICATE_METHOD_MATCH = YES;
				CODE_SIGN_IDENTITY = "iPhone Developer";
				COPY_PHASE_STRIP = NO;
				DEBUG_INFORMATION_FORMAT = "dwarf-with-dsym";
				ENABLE_NS_ASSERTIONS = NO;
				ENABLE_STRICT_OBJC_MSGSEND = YES;
				GCC_C_LANGUAGE_STANDARD = gnu11;
				GCC_NO_COMMON_BLOCKS = YES;
				GCC_WARN_64_TO_32_BIT_CONVERSION = YES;
				GCC_WARN_ABOUT_RETURN_TYPE = YES_ERROR;
				GCC_WARN_UNDECLARED_SELECTOR = YES;
				GCC_WARN_UNINITIALIZED_AUTOS = YES_AGGRESSIVE;
				GCC_WARN_UNUSED_FUNCTION = YES;
				GCC_WARN_UNUSED_VARIABLE = YES;
				IPHONEOS_DEPLOYMENT_TARGET = 12.1;
				MTL_ENABLE_DEBUG_INFO = NO;
				MTL_FAST_MATH = YES;
				SDKROOT = iphoneos;
				SWIFT_COMPILATION_MODE = wholemodule;
				SWIFT_OPTIMIZATION_LEVEL = "-O";
				VALIDATE_PRODUCT = YES;
			};
			name = Release;
		};
		6E001A2221A377DF00AA9D81 /* Debug */ = {
			isa = XCBuildConfiguration;
			baseConfigurationReference = B94BCE5113BB231ABDDD12FA /* Pods-StartUpRating.debug.xcconfig */;
			buildSettings = {
				ASSETCATALOG_COMPILER_APPICON_NAME = AppIcon;
				CODE_SIGN_STYLE = Automatic;
				DEVELOPMENT_TEAM = KTK8Q5C499;
				INFOPLIST_FILE = StartUpRating/Info.plist;
				LD_RUNPATH_SEARCH_PATHS = (
					"$(inherited)",
					"@executable_path/Frameworks",
				);
				PRODUCT_BUNDLE_IDENTIFIER = br.com.edhirama.StartUpRating;
				PRODUCT_NAME = "$(TARGET_NAME)";
				SWIFT_VERSION = 4.2;
				TARGETED_DEVICE_FAMILY = "1,2";
			};
			name = Debug;
		};
		6E001A2321A377DF00AA9D81 /* Release */ = {
			isa = XCBuildConfiguration;
			baseConfigurationReference = 4C593480A58A67B4AEC2414A /* Pods-StartUpRating.release.xcconfig */;
			buildSettings = {
				ASSETCATALOG_COMPILER_APPICON_NAME = AppIcon;
				CODE_SIGN_STYLE = Automatic;
				DEVELOPMENT_TEAM = KTK8Q5C499;
				INFOPLIST_FILE = StartUpRating/Info.plist;
				LD_RUNPATH_SEARCH_PATHS = (
					"$(inherited)",
					"@executable_path/Frameworks",
				);
				PRODUCT_BUNDLE_IDENTIFIER = br.com.edhirama.StartUpRating;
				PRODUCT_NAME = "$(TARGET_NAME)";
				SWIFT_VERSION = 4.2;
				TARGETED_DEVICE_FAMILY = "1,2";
			};
			name = Release;
		};
		6E001A2521A377DF00AA9D81 /* Debug */ = {
			isa = XCBuildConfiguration;
			baseConfigurationReference = 52D16B034676590665175930 /* Pods-StartUpRatingTests.debug.xcconfig */;
			buildSettings = {
				ALWAYS_EMBED_SWIFT_STANDARD_LIBRARIES = YES;
				BUNDLE_LOADER = "$(TEST_HOST)";
				CODE_SIGN_STYLE = Automatic;
				DEVELOPMENT_TEAM = KTK8Q5C499;
				INFOPLIST_FILE = StartUpRatingTests/Info.plist;
				LD_RUNPATH_SEARCH_PATHS = (
					"$(inherited)",
					"@executable_path/Frameworks",
					"@loader_path/Frameworks",
				);
				PRODUCT_BUNDLE_IDENTIFIER = br.com.edhirama.StartUpRatingTests;
				PRODUCT_NAME = "$(TARGET_NAME)";
				SWIFT_VERSION = 4.2;
				TARGETED_DEVICE_FAMILY = "1,2";
				TEST_HOST = "$(BUILT_PRODUCTS_DIR)/StartUpRating.app/StartUpRating";
			};
			name = Debug;
		};
		6E001A2621A377DF00AA9D81 /* Release */ = {
			isa = XCBuildConfiguration;
			baseConfigurationReference = FAF0E82A516AAB380DBCB9FA /* Pods-StartUpRatingTests.release.xcconfig */;
			buildSettings = {
				ALWAYS_EMBED_SWIFT_STANDARD_LIBRARIES = YES;
				BUNDLE_LOADER = "$(TEST_HOST)";
				CODE_SIGN_STYLE = Automatic;
				DEVELOPMENT_TEAM = KTK8Q5C499;
				INFOPLIST_FILE = StartUpRatingTests/Info.plist;
				LD_RUNPATH_SEARCH_PATHS = (
					"$(inherited)",
					"@executable_path/Frameworks",
					"@loader_path/Frameworks",
				);
				PRODUCT_BUNDLE_IDENTIFIER = br.com.edhirama.StartUpRatingTests;
				PRODUCT_NAME = "$(TARGET_NAME)";
				SWIFT_VERSION = 4.2;
				TARGETED_DEVICE_FAMILY = "1,2";
				TEST_HOST = "$(BUILT_PRODUCTS_DIR)/StartUpRating.app/StartUpRating";
			};
			name = Release;
		};
		6E001A2821A377DF00AA9D81 /* Debug */ = {
			isa = XCBuildConfiguration;
			baseConfigurationReference = C1F3DDC51CA85E3492192631 /* Pods-StartUpRatingUITests.debug.xcconfig */;
			buildSettings = {
				ALWAYS_EMBED_SWIFT_STANDARD_LIBRARIES = YES;
				CODE_SIGN_STYLE = Automatic;
				DEVELOPMENT_TEAM = KTK8Q5C499;
				INFOPLIST_FILE = StartUpRatingUITests/Info.plist;
				LD_RUNPATH_SEARCH_PATHS = (
					"$(inherited)",
					"@executable_path/Frameworks",
					"@loader_path/Frameworks",
				);
				PRODUCT_BUNDLE_IDENTIFIER = br.com.edhirama.StartUpRatingUITests;
				PRODUCT_NAME = "$(TARGET_NAME)";
				SWIFT_VERSION = 4.2;
				TARGETED_DEVICE_FAMILY = "1,2";
				TEST_TARGET_NAME = StartUpRating;
			};
			name = Debug;
		};
		6E001A2921A377DF00AA9D81 /* Release */ = {
			isa = XCBuildConfiguration;
			baseConfigurationReference = DCD97023D743B86DB2FB5F30 /* Pods-StartUpRatingUITests.release.xcconfig */;
			buildSettings = {
				ALWAYS_EMBED_SWIFT_STANDARD_LIBRARIES = YES;
				CODE_SIGN_STYLE = Automatic;
				DEVELOPMENT_TEAM = KTK8Q5C499;
				INFOPLIST_FILE = StartUpRatingUITests/Info.plist;
				LD_RUNPATH_SEARCH_PATHS = (
					"$(inherited)",
					"@executable_path/Frameworks",
					"@loader_path/Frameworks",
				);
				PRODUCT_BUNDLE_IDENTIFIER = br.com.edhirama.StartUpRatingUITests;
				PRODUCT_NAME = "$(TARGET_NAME)";
				SWIFT_VERSION = 4.2;
				TARGETED_DEVICE_FAMILY = "1,2";
				TEST_TARGET_NAME = StartUpRating;
			};
			name = Release;
		};
/* End XCBuildConfiguration section */

/* Begin XCConfigurationList section */
		6E0019F421A377D700AA9D81 /* Build configuration list for PBXProject "StartUpRating" */ = {
			isa = XCConfigurationList;
			buildConfigurations = (
				6E001A1F21A377DF00AA9D81 /* Debug */,
				6E001A2021A377DF00AA9D81 /* Release */,
			);
			defaultConfigurationIsVisible = 0;
			defaultConfigurationName = Release;
		};
		6E001A2121A377DF00AA9D81 /* Build configuration list for PBXNativeTarget "StartUpRating" */ = {
			isa = XCConfigurationList;
			buildConfigurations = (
				6E001A2221A377DF00AA9D81 /* Debug */,
				6E001A2321A377DF00AA9D81 /* Release */,
			);
			defaultConfigurationIsVisible = 0;
			defaultConfigurationName = Release;
		};
		6E001A2421A377DF00AA9D81 /* Build configuration list for PBXNativeTarget "StartUpRatingTests" */ = {
			isa = XCConfigurationList;
			buildConfigurations = (
				6E001A2521A377DF00AA9D81 /* Debug */,
				6E001A2621A377DF00AA9D81 /* Release */,
			);
			defaultConfigurationIsVisible = 0;
			defaultConfigurationName = Release;
		};
		6E001A2721A377DF00AA9D81 /* Build configuration list for PBXNativeTarget "StartUpRatingUITests" */ = {
			isa = XCConfigurationList;
			buildConfigurations = (
				6E001A2821A377DF00AA9D81 /* Debug */,
				6E001A2921A377DF00AA9D81 /* Release */,
			);
			defaultConfigurationIsVisible = 0;
			defaultConfigurationName = Release;
		};
/* End XCConfigurationList section */
	};
	rootObject = 6E0019F121A377D600AA9D81 /* Project object */;
}
